
Microsoft Visual Studio Solution File, Format Version 12.00
# Visual Studio 15
Project("{FAE04EC0-301F-11D3-BF4B-00C04F79EFBC}") = "Sample_table", "Sample_table.csproj", "{B951791C-D726-7585-263C-73DE1ED88FFF}"
EndProject
Global
	GlobalSection(SolutionConfigurationPlatforms) = preSolution
		Debug|Any CPU = Debug|Any CPU
		Release|Any CPU = Release|Any CPU
	EndGlobalSection
	GlobalSection(ProjectConfigurationPlatforms) = postSolution
		{B951791C-D726-7585-263C-73DE1ED88FFF}.Debug|Any CPU.ActiveCfg = Debug|Any CPU
		{B951791C-D726-7585-263C-73DE1ED88FFF}.Debug|Any CPU.Build.0 = Debug|Any CPU
		{B951791C-D726-7585-263C-73DE1ED88FFF}.Release|Any CPU.ActiveCfg = Release|Any CPU
		{B951791C-D726-7585-263C-73DE1ED88FFF}.Release|Any CPU.Build.0 = Release|Any CPU
	EndGlobalSection
	GlobalSection(SolutionProperties) = preSolution
		HideSolutionNode = FALSE
	EndGlobalSection
EndGlobal
